
Microsoft Visual Studio Solution File, Format Version 12.00
# Visual Studio Version 16
VisualStudioVersion = 16.0.30204.135
MinimumVisualStudioVersion = 10.0.40219.1
Project("{FAE04EC0-301F-11D3-BF4B-00C04F79EFBC}") = "Only4Test", "Only4Test.csproj", "{C4C56489-C6D7-4672-B824-EFC583E7467E}"
EndProject
Global
	GlobalSection(SolutionConfigurationPlatforms) = preSolution
		Debug|Any CPU = Debug|Any CPU
		Release|Any CPU = Release|Any CPU
	EndGlobalSection
	GlobalSection(ProjectConfigurationPlatforms) = postSolution
		{C4C56489-C6D7-4672-B824-EFC583E7467E}.Debug|Any CPU.ActiveCfg = Debug|Any CPU
		{C4C56489-C6D7-4672-B824-EFC583E7467E}.Debug|Any CPU.Build.0 = Debug|Any CPU
		{C4C56489-C6D7-4672-B824-EFC583E7467E}.Release|Any CPU.ActiveCfg = Release|Any CPU
		{C4C56489-C6D7-4672-B824-EFC583E7467E}.Release|Any CPU.Build.0 = Release|Any CPU
	EndGlobalSection
	GlobalSection(SolutionProperties) = preSolution
		HideSolutionNode = FALSE
	EndGlobalSection
	GlobalSection(ExtensibilityGlobals) = postSolution
		SolutionGuid = {E6BF972D-6871-4D01-B122-4A0AF5D56B46}
	EndGlobalSection
EndGlobal
